
Microsoft Visual Studio Solution File, Format Version 12.00
# Visual Studio 15
VisualStudioVersion = 15.0.28307.757
MinimumVisualStudioVersion = 10.0.40219.1
Project("{FAE04EC0-301F-11D3-BF4B-00C04F79EFBC}") = "EcommerceFrontEnd", "EcommerceFrontEnd\EcommerceFrontEnd.csproj", "{3524E5A3-E365-4A82-A3EB-3EB15709C9D6}"
EndProject
Project("{FAE04EC0-301F-11D3-BF4B-00C04F79EFBC}") = "frontendUtil", "frontendUtil\frontendUtil.csproj", "{74E9A28B-944D-4F48-8E8E-4D8F29B04F31}"
EndProject
Project("{FAE04EC0-301F-11D3-BF4B-00C04F79EFBC}") = "frontendED", "frontendED\frontendED.csproj", "{C37F0A73-5EC3-462B-8398-B589331786BC}"
EndProject
Global
	GlobalSection(SolutionConfigurationPlatforms) = preSolution
		Debug|Any CPU = Debug|Any CPU
		Release|Any CPU = Release|Any CPU
	EndGlobalSection
	GlobalSection(ProjectConfigurationPlatforms) = postSolution
		{3524E5A3-E365-4A82-A3EB-3EB15709C9D6}.Debug|Any CPU.ActiveCfg = Debug|Any CPU
		{3524E5A3-E365-4A82-A3EB-3EB15709C9D6}.Debug|Any CPU.Build.0 = Debug|Any CPU
		{3524E5A3-E365-4A82-A3EB-3EB15709C9D6}.Release|Any CPU.ActiveCfg = Release|Any CPU
		{3524E5A3-E365-4A82-A3EB-3EB15709C9D6}.Release|Any CPU.Build.0 = Release|Any CPU
		{74E9A28B-944D-4F48-8E8E-4D8F29B04F31}.Debug|Any CPU.ActiveCfg = Debug|Any CPU
		{74E9A28B-944D-4F48-8E8E-4D8F29B04F31}.Debug|Any CPU.Build.0 = Debug|Any CPU
		{74E9A28B-944D-4F48-8E8E-4D8F29B04F31}.Release|Any CPU.ActiveCfg = Release|Any CPU
		{74E9A28B-944D-4F48-8E8E-4D8F29B04F31}.Release|Any CPU.Build.0 = Release|Any CPU
		{C37F0A73-5EC3-462B-8398-B589331786BC}.Debug|Any CPU.ActiveCfg = Debug|Any CPU
		{C37F0A73-5EC3-462B-8398-B589331786BC}.Debug|Any CPU.Build.0 = Debug|Any CPU
		{C37F0A73-5EC3-462B-8398-B589331786BC}.Release|Any CPU.ActiveCfg = Release|Any CPU
		{C37F0A73-5EC3-462B-8398-B589331786BC}.Release|Any CPU.Build.0 = Release|Any CPU
	EndGlobalSection
	GlobalSection(SolutionProperties) = preSolution
		HideSolutionNode = FALSE
	EndGlobalSection
	GlobalSection(ExtensibilityGlobals) = postSolution
		SolutionGuid = {BFC5BB04-C1C1-424C-8322-1E49EB5B86B3}
	EndGlobalSection
EndGlobal
